
Microsoft Visual Studio Solution File, Format Version 12.00
# Visual Studio Version 17
VisualStudioVersion = 17.1.32421.90
MinimumVisualStudioVersion = 10.0.40219.1
Project("{FAE04EC0-301F-11D3-BF4B-00C04F79EFBC}") = "TeralinktecSmsApps.API", "TeralinktecSmsApps.API\TeralinktecSmsApps.API.csproj", "{B9279A74-16A3-49ED-A21E-ED5BA2864352}"
EndProject
Global
	GlobalSection(SolutionConfigurationPlatforms) = preSolution
		Debug|Any CPU = Debug|Any CPU
		Release|Any CPU = Release|Any CPU
	EndGlobalSection
	GlobalSection(ProjectConfigurationPlatforms) = postSolution
		{B9279A74-16A3-49ED-A21E-ED5BA2864352}.Debug|Any CPU.ActiveCfg = Debug|Any CPU
		{B9279A74-16A3-49ED-A21E-ED5BA2864352}.Debug|Any CPU.Build.0 = Debug|Any CPU
		{B9279A74-16A3-49ED-A21E-ED5BA2864352}.Release|Any CPU.ActiveCfg = Release|Any CPU
		{B9279A74-16A3-49ED-A21E-ED5BA2864352}.Release|Any CPU.Build.0 = Release|Any CPU
	EndGlobalSection
	GlobalSection(SolutionProperties) = preSolution
		HideSolutionNode = FALSE
	EndGlobalSection
	GlobalSection(ExtensibilityGlobals) = postSolution
		SolutionGuid = {E6EFC1BE-906F-42C8-8E6F-F1C69388A502}
	EndGlobalSection
EndGlobal
